// !$*UTF8*$!
{
	archiveVersion = 1;
	classes = {
	};
	objectVersion = 55;
	objects = {

/* Begin PBXBuildFile section */
		6641B56328A6D86F007F953A /* AppDelegate.swift in Sources */ = {isa = PBXBuildFile; fileRef = 6641B56228A6D86F007F953A /* AppDelegate.swift */; };
		6641B56528A6D86F007F953A /* SceneDelegate.swift in Sources */ = {isa = PBXBuildFile; fileRef = 6641B56428A6D86F007F953A /* SceneDelegate.swift */; };
		6641B56728A6D86F007F953A /* CryptoMarketVC.swift in Sources */ = {isa = PBXBuildFile; fileRef = 6641B56628A6D86F007F953A /* CryptoMarketVC.swift */; };
		6641B56A28A6D86F007F953A /* Main.storyboard in Resources */ = {isa = PBXBuildFile; fileRef = 6641B56828A6D86F007F953A /* Main.storyboard */; };
		6641B56C28A6D871007F953A /* Assets.xcassets in Resources */ = {isa = PBXBuildFile; fileRef = 6641B56B28A6D871007F953A /* Assets.xcassets */; };
		6641B56F28A6D871007F953A /* LaunchScreen.storyboard in Resources */ = {isa = PBXBuildFile; fileRef = 6641B56D28A6D871007F953A /* LaunchScreen.storyboard */; };
		6641B57A28A6D872007F953A /* Crypto_MarketTests.swift in Sources */ = {isa = PBXBuildFile; fileRef = 6641B57928A6D872007F953A /* Crypto_MarketTests.swift */; };
		6641B58428A6D872007F953A /* Crypto_MarketUITests.swift in Sources */ = {isa = PBXBuildFile; fileRef = 6641B58328A6D872007F953A /* Crypto_MarketUITests.swift */; };
		6641B58628A6D872007F953A /* Crypto_MarketUITestsLaunchTests.swift in Sources */ = {isa = PBXBuildFile; fileRef = 6641B58528A6D872007F953A /* Crypto_MarketUITestsLaunchTests.swift */; };
		6641B59428A6D89E007F953A /* APIHandler.swift in Sources */ = {isa = PBXBuildFile; fileRef = 6641B59328A6D89E007F953A /* APIHandler.swift */; };
		6641B59628A6D8C4007F953A /* RequestHandler+Extension.swift in Sources */ = {isa = PBXBuildFile; fileRef = 6641B59528A6D8C4007F953A /* RequestHandler+Extension.swift */; };
		6641B59828A6D8FA007F953A /* ResponseHandler+Extension.swift in Sources */ = {isa = PBXBuildFile; fileRef = 6641B59728A6D8FA007F953A /* ResponseHandler+Extension.swift */; };
		6641B59A28A6D923007F953A /* APILoader.swift in Sources */ = {isa = PBXBuildFile; fileRef = 6641B59928A6D923007F953A /* APILoader.swift */; };
		6641B59C28A6D942007F953A /* APIEnvironment.swift in Sources */ = {isa = PBXBuildFile; fileRef = 6641B59B28A6D942007F953A /* APIEnvironment.swift */; };
		6641B59E28A6D96A007F953A /* APIPath.swift in Sources */ = {isa = PBXBuildFile; fileRef = 6641B59D28A6D96A007F953A /* APIPath.swift */; };
		6641B5A128A6D996007F953A /* CryptoMarketModel.swift in Sources */ = {isa = PBXBuildFile; fileRef = 6641B5A028A6D996007F953A /* CryptoMarketModel.swift */; };
		6641B5A428A6DA0E007F953A /* Constants.swift in Sources */ = {isa = PBXBuildFile; fileRef = 6641B5A328A6DA0E007F953A /* Constants.swift */; };
		6641B5A728A6DAC8007F953A /* CryptoMarketAPI.swift in Sources */ = {isa = PBXBuildFile; fileRef = 6641B5A628A6DAC8007F953A /* CryptoMarketAPI.swift */; };
		6641B5AB28A6DB39007F953A /* CryptoMarketViewModel.swift in Sources */ = {isa = PBXBuildFile; fileRef = 6641B5AA28A6DB39007F953A /* CryptoMarketViewModel.swift */; };
		6641B5AF28A6E106007F953A /* CryptoMarketCell.swift in Sources */ = {isa = PBXBuildFile; fileRef = 6641B5AE28A6E106007F953A /* CryptoMarketCell.swift */; };
		667B4F3128A7A4BF00AC6244 /* Reachability.swift in Sources */ = {isa = PBXBuildFile; fileRef = 667B4F3028A7A4BF00AC6244 /* Reachability.swift */; };
/* End PBXBuildFile section */

/* Begin PBXContainerItemProxy section */
		6641B57628A6D872007F953A /* PBXContainerItemProxy */ = {
			isa = PBXContainerItemProxy;
			containerPortal = 6641B55728A6D86F007F953A /* Project object */;
			proxyType = 1;
			remoteGlobalIDString = 6641B55E28A6D86F007F953A;
			remoteInfo = "Crypto Market";
		};
		6641B58028A6D872007F953A /* PBXContainerItemProxy */ = {
			isa = PBXContainerItemProxy;
			containerPortal = 6641B55728A6D86F007F953A /* Project object */;
			proxyType = 1;
			remoteGlobalIDString = 6641B55E28A6D86F007F953A;
			remoteInfo = "Crypto Market";
		};
/* End PBXContainerItemProxy section */

/* Begin PBXFileReference section */
		6641B55F28A6D86F007F953A /* Crypto Market.app */ = {isa = PBXFileReference; explicitFileType = wrapper.application; includeInIndex = 0; path = "Crypto Market.app"; sourceTree = BUILT_PRODUCTS_DIR; };
		6641B56228A6D86F007F953A /* AppDelegate.swift */ = {isa = PBXFileReference; lastKnownFileType = sourcecode.swift; path = AppDelegate.swift; sourceTree = "<group>"; };
		6641B56428A6D86F007F953A /* SceneDelegate.swift */ = {isa = PBXFileReference; lastKnownFileType = sourcecode.swift; path = SceneDelegate.swift; sourceTree = "<group>"; };
		6641B56628A6D86F007F953A /* CryptoMarketVC.swift */ = {isa = PBXFileReference; lastKnownFileType = sourcecode.swift; path = CryptoMarketVC.swift; sourceTree = "<group>"; };
		6641B56928A6D86F007F953A /* Base */ = {isa = PBXFileReference; lastKnownFileType = file.storyboard; name = Base; path = Base.lproj/Main.storyboard; sourceTree = "<group>"; };
		6641B56B28A6D871007F953A /* Assets.xcassets */ = {isa = PBXFileReference; lastKnownFileType = folder.assetcatalog; path = Assets.xcassets; sourceTree = "<group>"; };
		6641B56E28A6D871007F953A /* Base */ = {isa = PBXFileReference; lastKnownFileType = file.storyboard; name = Base; path = Base.lproj/LaunchScreen.storyboard; sourceTree = "<group>"; };
		6641B57028A6D871007F953A /* Info.plist */ = {isa = PBXFileReference; lastKnownFileType = text.plist.xml; path = Info.plist; sourceTree = "<group>"; };
		6641B57528A6D872007F953A /* Crypto MarketTests.xctest */ = {isa = PBXFileReference; explicitFileType = wrapper.cfbundle; includeInIndex = 0; path = "Crypto MarketTests.xctest"; sourceTree = BUILT_PRODUCTS_DIR; };
		6641B57928A6D872007F953A /* Crypto_MarketTests.swift */ = {isa = PBXFileReference; lastKnownFileType = sourcecode.swift; path = Crypto_MarketTests.swift; sourceTree = "<group>"; };
		6641B57F28A6D872007F953A /* Crypto MarketUITests.xctest */ = {isa = PBXFileReference; explicitFileType = wrapper.cfbundle; includeInIndex = 0; path = "Crypto MarketUITests.xctest"; sourceTree = BUILT_PRODUCTS_DIR; };
		6641B58328A6D872007F953A /* Crypto_MarketUITests.swift */ = {isa = PBXFileReference; lastKnownFileType = sourcecode.swift; path = Crypto_MarketUITests.swift; sourceTree = "<group>"; };
		6641B58528A6D872007F953A /* Crypto_MarketUITestsLaunchTests.swift */ = {isa = PBXFileReference; lastKnownFileType = sourcecode.swift; path = Crypto_MarketUITestsLaunchTests.swift; sourceTree = "<group>"; };
		6641B59328A6D89E007F953A /* APIHandler.swift */ = {isa = PBXFileReference; lastKnownFileType = sourcecode.swift; path = APIHandler.swift; sourceTree = "<group>"; };
		6641B59528A6D8C4007F953A /* RequestHandler+Extension.swift */ = {isa = PBXFileReference; lastKnownFileType = sourcecode.swift; path = "RequestHandler+Extension.swift"; sourceTree = "<group>"; };
		6641B59728A6D8FA007F953A /* ResponseHandler+Extension.swift */ = {isa = PBXFileReference; lastKnownFileType = sourcecode.swift; path = "ResponseHandler+Extension.swift"; sourceTree = "<group>"; };
		6641B59928A6D923007F953A /* APILoader.swift */ = {isa = PBXFileReference; lastKnownFileType = sourcecode.swift; path = APILoader.swift; sourceTree = "<group>"; };
		6641B59B28A6D942007F953A /* APIEnvironment.swift */ = {isa = PBXFileReference; lastKnownFileType = sourcecode.swift; path = APIEnvironment.swift; sourceTree = "<group>"; };
		6641B59D28A6D96A007F953A /* APIPath.swift */ = {isa = PBXFileReference; lastKnownFileType = sourcecode.swift; path = APIPath.swift; sourceTree = "<group>"; };
		6641B5A028A6D996007F953A /* CryptoMarketModel.swift */ = {isa = PBXFileReference; lastKnownFileType = sourcecode.swift; path = CryptoMarketModel.swift; sourceTree = "<group>"; };
		6641B5A328A6DA0E007F953A /* Constants.swift */ = {isa = PBXFileReference; lastKnownFileType = sourcecode.swift; path = Constants.swift; sourceTree = "<group>"; };
		6641B5A628A6DAC8007F953A /* CryptoMarketAPI.swift */ = {isa = PBXFileReference; lastKnownFileType = sourcecode.swift; path = CryptoMarketAPI.swift; sourceTree = "<group>"; };
		6641B5AA28A6DB39007F953A /* CryptoMarketViewModel.swift */ = {isa = PBXFileReference; lastKnownFileType = sourcecode.swift; path = CryptoMarketViewModel.swift; sourceTree = "<group>"; };
		6641B5AE28A6E106007F953A /* CryptoMarketCell.swift */ = {isa = PBXFileReference; lastKnownFileType = sourcecode.swift; path = CryptoMarketCell.swift; sourceTree = "<group>"; };
		667B4F3028A7A4BF00AC6244 /* Reachability.swift */ = {isa = PBXFileReference; lastKnownFileType = sourcecode.swift; path = Reachability.swift; sourceTree = "<group>"; };
/* End PBXFileReference section */

/* Begin PBXFrameworksBuildPhase section */
		6641B55C28A6D86F007F953A /* Frameworks */ = {
			isa = PBXFrameworksBuildPhase;
			buildActionMask = 2147483647;
			files = (
			);
			runOnlyForDeploymentPostprocessing = 0;
		};
		6641B57228A6D871007F953A /* Frameworks */ = {
			isa = PBXFrameworksBuildPhase;
			buildActionMask = 2147483647;
			files = (
			);
			runOnlyForDeploymentPostprocessing = 0;
		};
		6641B57C28A6D872007F953A /* Frameworks */ = {
			isa = PBXFrameworksBuildPhase;
			buildActionMask = 2147483647;
			files = (
			);
			runOnlyForDeploymentPostprocessing = 0;
		};
/* End PBXFrameworksBuildPhase section */

/* Begin PBXGroup section */
		6641B55628A6D86F007F953A = {
			isa = PBXGroup;
			children = (
				6641B56128A6D86F007F953A /* Crypto Market */,
				6641B57828A6D872007F953A /* Crypto MarketTests */,
				6641B58228A6D872007F953A /* Crypto MarketUITests */,
				6641B56028A6D86F007F953A /* Products */,
			);
			sourceTree = "<group>";
		};
		6641B56028A6D86F007F953A /* Products */ = {
			isa = PBXGroup;
			children = (
				6641B55F28A6D86F007F953A /* Crypto Market.app */,
				6641B57528A6D872007F953A /* Crypto MarketTests.xctest */,
				6641B57F28A6D872007F953A /* Crypto MarketUITests.xctest */,
			);
			name = Products;
			sourceTree = "<group>";
		};
		6641B56128A6D86F007F953A /* Crypto Market */ = {
			isa = PBXGroup;
			children = (
				6641B59F28A6D98A007F953A /* Model */,
				6641B5AC28A6E098007F953A /* View */,
				6641B5A928A6DB26007F953A /* ViewModels */,
				6641B5A528A6DA9D007F953A /* Services */,
				6641B5A228A6D9F5007F953A /* Resources */,
				6641B59228A6D88F007F953A /* Networking */,
				6641B57028A6D871007F953A /* Info.plist */,
			);
			path = "Crypto Market";
			sourceTree = "<group>";
		};
		6641B57828A6D872007F953A /* Crypto MarketTests */ = {
			isa = PBXGroup;
			children = (
				6641B57928A6D872007F953A /* Crypto_MarketTests.swift */,
			);
			path = "Crypto MarketTests";
			sourceTree = "<group>";
		};
		6641B58228A6D872007F953A /* Crypto MarketUITests */ = {
			isa = PBXGroup;
			children = (
				6641B58328A6D872007F953A /* Crypto_MarketUITests.swift */,
				6641B58528A6D872007F953A /* Crypto_MarketUITestsLaunchTests.swift */,
			);
			path = "Crypto MarketUITests";
			sourceTree = "<group>";
		};
		6641B59228A6D88F007F953A /* Networking */ = {
			isa = PBXGroup;
			children = (
				667B4F2F28A7A4B500AC6244 /* Reachability */,
				6641B59328A6D89E007F953A /* APIHandler.swift */,
				6641B59528A6D8C4007F953A /* RequestHandler+Extension.swift */,
				6641B59728A6D8FA007F953A /* ResponseHandler+Extension.swift */,
				6641B59928A6D923007F953A /* APILoader.swift */,
				6641B59B28A6D942007F953A /* APIEnvironment.swift */,
				6641B59D28A6D96A007F953A /* APIPath.swift */,
			);
			path = Networking;
			sourceTree = "<group>";
		};
		6641B59F28A6D98A007F953A /* Model */ = {
			isa = PBXGroup;
			children = (
				6641B5A028A6D996007F953A /* CryptoMarketModel.swift */,
			);
			path = Model;
			sourceTree = "<group>";
		};
		6641B5A228A6D9F5007F953A /* Resources */ = {
			isa = PBXGroup;
			children = (
				6641B56228A6D86F007F953A /* AppDelegate.swift */,
				6641B56428A6D86F007F953A /* SceneDelegate.swift */,
				6641B5A328A6DA0E007F953A /* Constants.swift */,
				6641B56828A6D86F007F953A /* Main.storyboard */,
				6641B56B28A6D871007F953A /* Assets.xcassets */,
				6641B56D28A6D871007F953A /* LaunchScreen.storyboard */,
			);
			path = Resources;
			sourceTree = "<group>";
		};
		6641B5A528A6DA9D007F953A /* Services */ = {
			isa = PBXGroup;
			children = (
				6641B5A628A6DAC8007F953A /* CryptoMarketAPI.swift */,
			);
			path = Services;
			sourceTree = "<group>";
		};
		6641B5A828A6DB06007F953A /* Controller */ = {
			isa = PBXGroup;
			children = (
				6641B56628A6D86F007F953A /* CryptoMarketVC.swift */,
			);
			path = Controller;
			sourceTree = "<group>";
		};
		6641B5A928A6DB26007F953A /* ViewModels */ = {
			isa = PBXGroup;
			children = (
				6641B5AA28A6DB39007F953A /* CryptoMarketViewModel.swift */,
			);
			path = ViewModels;
			sourceTree = "<group>";
		};
		6641B5AC28A6E098007F953A /* View */ = {
			isa = PBXGroup;
			children = (
				6641B5A828A6DB06007F953A /* Controller */,
				6641B5B028A6E12E007F953A /* CustomCells */,
			);
			name = View;
			sourceTree = "<group>";
		};
		6641B5B028A6E12E007F953A /* CustomCells */ = {
			isa = PBXGroup;
			children = (
				6641B5AE28A6E106007F953A /* CryptoMarketCell.swift */,
			);
			path = CustomCells;
			sourceTree = "<group>";
		};
		667B4F2F28A7A4B500AC6244 /* Reachability */ = {
			isa = PBXGroup;
			children = (
				667B4F3028A7A4BF00AC6244 /* Reachability.swift */,
			);
			path = Reachability;
			sourceTree = "<group>";
		};
/* End PBXGroup section */

/* Begin PBXNativeTarget section */
		6641B55E28A6D86F007F953A /* Crypto Market */ = {
			isa = PBXNativeTarget;
			buildConfigurationList = 6641B58928A6D872007F953A /* Build configuration list for PBXNativeTarget "Crypto Market" */;
			buildPhases = (
				6641B55B28A6D86F007F953A /* Sources */,
				6641B55C28A6D86F007F953A /* Frameworks */,
				6641B55D28A6D86F007F953A /* Resources */,
			);
			buildRules = (
			);
			dependencies = (
			);
			name = "Crypto Market";
			productName = "Crypto Market";
			productReference = 6641B55F28A6D86F007F953A /* Crypto Market.app */;
			productType = "com.apple.product-type.application";
		};
		6641B57428A6D871007F953A /* Crypto MarketTests */ = {
			isa = PBXNativeTarget;
			buildConfigurationList = 6641B58C28A6D872007F953A /* Build configuration list for PBXNativeTarget "Crypto MarketTests" */;
			buildPhases = (
				6641B57128A6D871007F953A /* Sources */,
				6641B57228A6D871007F953A /* Frameworks */,
				6641B57328A6D871007F953A /* Resources */,
			);
			buildRules = (
			);
			dependencies = (
				6641B57728A6D872007F953A /* PBXTargetDependency */,
			);
			name = "Crypto MarketTests";
			productName = "Crypto MarketTests";
			productReference = 6641B57528A6D872007F953A /* Crypto MarketTests.xctest */;
			productType = "com.apple.product-type.bundle.unit-test";
		};
		6641B57E28A6D872007F953A /* Crypto MarketUITests */ = {
			isa = PBXNativeTarget;
			buildConfigurationList = 6641B58F28A6D872007F953A /* Build configuration list for PBXNativeTarget "Crypto MarketUITests" */;
			buildPhases = (
				6641B57B28A6D872007F953A /* Sources */,
				6641B57C28A6D872007F953A /* Frameworks */,
				6641B57D28A6D872007F953A /* Resources */,
			);
			buildRules = (
			);
			dependencies = (
				6641B58128A6D872007F953A /* PBXTargetDependency */,
			);
			name = "Crypto MarketUITests";
			productName = "Crypto MarketUITests";
			productReference = 6641B57F28A6D872007F953A /* Crypto MarketUITests.xctest */;
			productType = "com.apple.product-type.bundle.ui-testing";
		};
/* End PBXNativeTarget section */

/* Begin PBXProject section */
		6641B55728A6D86F007F953A /* Project object */ = {
			isa = PBXProject;
			attributes = {
				BuildIndependentTargetsInParallel = 1;
				LastSwiftUpdateCheck = 1320;
				LastUpgradeCheck = 1320;
				TargetAttributes = {
					6641B55E28A6D86F007F953A = {
						CreatedOnToolsVersion = 13.2.1;
					};
					6641B57428A6D871007F953A = {
						CreatedOnToolsVersion = 13.2.1;
						TestTargetID = 6641B55E28A6D86F007F953A;
					};
					6641B57E28A6D872007F953A = {
						CreatedOnToolsVersion = 13.2.1;
						TestTargetID = 6641B55E28A6D86F007F953A;
					};
				};
			};
			buildConfigurationList = 6641B55A28A6D86F007F953A /* Build configuration list for PBXProject "Crypto Market" */;
			compatibilityVersion = "Xcode 13.0";
			developmentRegion = en;
			hasScannedForEncodings = 0;
			knownRegions = (
				en,
				Base,
			);
			mainGroup = 6641B55628A6D86F007F953A;
			productRefGroup = 6641B56028A6D86F007F953A /* Products */;
			projectDirPath = "";
			projectRoot = "";
			targets = (
				6641B55E28A6D86F007F953A /* Crypto Market */,
				6641B57428A6D871007F953A /* Crypto MarketTests */,
				6641B57E28A6D872007F953A /* Crypto MarketUITests */,
			);
		};
/* End PBXProject section */

/* Begin PBXResourcesBuildPhase section */
		6641B55D28A6D86F007F953A /* Resources */ = {
			isa = PBXResourcesBuildPhase;
			buildActionMask = 2147483647;
			files = (
				6641B56F28A6D871007F953A /* LaunchScreen.storyboard in Resources */,
				6641B56C28A6D871007F953A /* Assets.xcassets in Resources */,
				6641B56A28A6D86F007F953A /* Main.storyboard in Resources */,
			);
			runOnlyForDeploymentPostprocessing = 0;
		};
		6641B57328A6D871007F953A /* Resources */ = {
			isa = PBXResourcesBuildPhase;
			buildActionMask = 2147483647;
			files = (
			);
			runOnlyForDeploymentPostprocessing = 0;
		};
		6641B57D28A6D872007F953A /* Resources */ = {
			isa = PBXResourcesBuildPhase;
			buildActionMask = 2147483647;
			files = (
			);
			runOnlyForDeploymentPostprocessing = 0;
		};
/* End PBXResourcesBuildPhase section */

/* Begin PBXSourcesBuildPhase section */
		6641B55B28A6D86F007F953A /* Sources */ = {
			isa = PBXSourcesBuildPhase;
			buildActionMask = 2147483647;
			files = (
				6641B5A128A6D996007F953A /* CryptoMarketModel.swift in Sources */,
				6641B5A428A6DA0E007F953A /* Constants.swift in Sources */,
				6641B5AB28A6DB39007F953A /* CryptoMarketViewModel.swift in Sources */,
				6641B56728A6D86F007F953A /* CryptoMarketVC.swift in Sources */,
				6641B5A728A6DAC8007F953A /* CryptoMarketAPI.swift in Sources */,
				6641B59628A6D8C4007F953A /* RequestHandler+Extension.swift in Sources */,
				6641B59A28A6D923007F953A /* APILoader.swift in Sources */,
				6641B56328A6D86F007F953A /* AppDelegate.swift in Sources */,
				667B4F3128A7A4BF00AC6244 /* Reachability.swift in Sources */,
				6641B59E28A6D96A007F953A /* APIPath.swift in Sources */,
				6641B59828A6D8FA007F953A /* ResponseHandler+Extension.swift in Sources */,
				6641B5AF28A6E106007F953A /* CryptoMarketCell.swift in Sources */,
				6641B56528A6D86F007F953A /* SceneDelegate.swift in Sources */,
				6641B59C28A6D942007F953A /* APIEnvironment.swift in Sources */,
				6641B59428A6D89E007F953A /* APIHandler.swift in Sources */,
			);
			runOnlyForDeploymentPostprocessing = 0;
		};
		6641B57128A6D871007F953A /* Sources */ = {
			isa = PBXSourcesBuildPhase;
			buildActionMask = 2147483647;
			files = (
				6641B57A28A6D872007F953A /* Crypto_MarketTests.swift in Sources */,
			);
			runOnlyForDeploymentPostprocessing = 0;
		};
		6641B57B28A6D872007F953A /* Sources */ = {
			isa = PBXSourcesBuildPhase;
			buildActionMask = 2147483647;
			files = (
				6641B58428A6D872007F953A /* Crypto_MarketUITests.swift in Sources */,
				6641B58628A6D872007F953A /* Crypto_MarketUITestsLaunchTests.swift in Sources */,
			);
			runOnlyForDeploymentPostprocessing = 0;
		};
/* End PBXSourcesBuildPhase section */

/* Begin PBXTargetDependency section */
		6641B57728A6D872007F953A /* PBXTargetDependency */ = {
			isa = PBXTargetDependency;
			target = 6641B55E28A6D86F007F953A /* Crypto Market */;
			targetProxy = 6641B57628A6D872007F953A /* PBXContainerItemProxy */;
		};
		6641B58128A6D872007F953A /* PBXTargetDependency */ = {
			isa = PBXTargetDependency;
			target = 6641B55E28A6D86F007F953A /* Crypto Market */;
			targetProxy = 6641B58028A6D872007F953A /* PBXContainerItemProxy */;
		};
/* End PBXTargetDependency section */

/* Begin PBXVariantGroup section */
		6641B56828A6D86F007F953A /* Main.storyboard */ = {
			isa = PBXVariantGroup;
			children = (
				6641B56928A6D86F007F953A /* Base */,
			);
			name = Main.storyboard;
			sourceTree = "<group>";
		};
		6641B56D28A6D871007F953A /* LaunchScreen.storyboard */ = {
			isa = PBXVariantGroup;
			children = (
				6641B56E28A6D871007F953A /* Base */,
			);
			name = LaunchScreen.storyboard;
			sourceTree = "<group>";
		};
/* End PBXVariantGroup section */

/* Begin XCBuildConfiguration section */
		6641B58728A6D872007F953A /* Debug */ = {
			isa = XCBuildConfiguration;
			buildSettings = {
				ALWAYS_SEARCH_USER_PATHS = NO;
				CLANG_ANALYZER_NONNULL = YES;
				CLANG_ANALYZER_NUMBER_OBJECT_CONVERSION = YES_AGGRESSIVE;
				CLANG_CXX_LANGUAGE_STANDARD = "gnu++17";
				CLANG_CXX_LIBRARY = "libc++";
				CLANG_ENABLE_MODULES = YES;
				CLANG_ENABLE_OBJC_ARC = YES;
				CLANG_ENABLE_OBJC_WEAK = YES;
				CLANG_WARN_BLOCK_CAPTURE_AUTORELEASING = YES;
				CLANG_WARN_BOOL_CONVERSION = YES;
				CLANG_WARN_COMMA = YES;
				CLANG_WARN_CONSTANT_CONVERSION = YES;
				CLANG_WARN_DEPRECATED_OBJC_IMPLEMENTATIONS = YES;
				CLANG_WARN_DIRECT_OBJC_ISA_USAGE = YES_ERROR;
				CLANG_WARN_DOCUMENTATION_COMMENTS = YES;
				CLANG_WARN_EMPTY_BODY = YES;
				CLANG_WARN_ENUM_CONVERSION = YES;
				CLANG_WARN_INFINITE_RECURSION = YES;
				CLANG_WARN_INT_CONVERSION = YES;
				CLANG_WARN_NON_LITERAL_NULL_CONVERSION = YES;
				CLANG_WARN_OBJC_IMPLICIT_RETAIN_SELF = YES;
				CLANG_WARN_OBJC_LITERAL_CONVERSION = YES;
				CLANG_WARN_OBJC_ROOT_CLASS = YES_ERROR;
				CLANG_WARN_QUOTED_INCLUDE_IN_FRAMEWORK_HEADER = YES;
				CLANG_WARN_RANGE_LOOP_ANALYSIS = YES;
				CLANG_WARN_STRICT_PROTOTYPES = YES;
				CLANG_WARN_SUSPICIOUS_MOVE = YES;
				CLANG_WARN_UNGUARDED_AVAILABILITY = YES_AGGRESSIVE;
				CLANG_WARN_UNREACHABLE_CODE = YES;
				CLANG_WARN__DUPLICATE_METHOD_MATCH = YES;
				COPY_PHASE_STRIP = NO;
				DEBUG_INFORMATION_FORMAT = dwarf;
				ENABLE_STRICT_OBJC_MSGSEND = YES;
				ENABLE_TESTABILITY = YES;
				GCC_C_LANGUAGE_STANDARD = gnu11;
				GCC_DYNAMIC_NO_PIC = NO;
				GCC_NO_COMMON_BLOCKS = YES;
				GCC_OPTIMIZATION_LEVEL = 0;
				GCC_PREPROCESSOR_DEFINITIONS = (
					"DEBUG=1",
					"$(inherited)",
				);
				GCC_WARN_64_TO_32_BIT_CONVERSION = YES;
				GCC_WARN_ABOUT_RETURN_TYPE = YES_ERROR;
				GCC_WARN_UNDECLARED_SELECTOR = YES;
				GCC_WARN_UNINITIALIZED_AUTOS = YES_AGGRESSIVE;
				GCC_WARN_UNUSED_FUNCTION = YES;
				GCC_WARN_UNUSED_VARIABLE = YES;
				IPHONEOS_DEPLOYMENT_TARGET = 15.2;
				MTL_ENABLE_DEBUG_INFO = INCLUDE_SOURCE;
				MTL_FAST_MATH = YES;
				ONLY_ACTIVE_ARCH = YES;
				SDKROOT = iphoneos;
				SWIFT_ACTIVE_COMPILATION_CONDITIONS = DEBUG;
				SWIFT_OPTIMIZATION_LEVEL = "-Onone";
			};
			name = Debug;
		};
		6641B58828A6D872007F953A /* Release */ = {
			isa = XCBuildConfiguration;
			buildSettings = {
				ALWAYS_SEARCH_USER_PATHS = NO;
				CLANG_ANALYZER_NONNULL = YES;
				CLANG_ANALYZER_NUMBER_OBJECT_CONVERSION = YES_AGGRESSIVE;
				CLANG_CXX_LANGUAGE_STANDARD = "gnu++17";
				CLANG_CXX_LIBRARY = "libc++";
				CLANG_ENABLE_MODULES = YES;
				CLANG_ENABLE_OBJC_ARC = YES;
				CLANG_ENABLE_OBJC_WEAK = YES;
				CLANG_WARN_BLOCK_CAPTURE_AUTORELEASING = YES;
				CLANG_WARN_BOOL_CONVERSION = YES;
				CLANG_WARN_COMMA = YES;
				CLANG_WARN_CONSTANT_CONVERSION = YES;
				CLANG_WARN_DEPRECATED_OBJC_IMPLEMENTATIONS = YES;
				CLANG_WARN_DIRECT_OBJC_ISA_USAGE = YES_ERROR;
				CLANG_WARN_DOCUMENTATION_COMMENTS = YES;
				CLANG_WARN_EMPTY_BODY = YES;
				CLANG_WARN_ENUM_CONVERSION = YES;
				CLANG_WARN_INFINITE_RECURSION = YES;
				CLANG_WARN_INT_CONVERSION = YES;
				CLANG_WARN_NON_LITERAL_NULL_CONVERSION = YES;
				CLANG_WARN_OBJC_IMPLICIT_RETAIN_SELF = YES;
				CLANG_WARN_OBJC_LITERAL_CONVERSION = YES;
				CLANG_WARN_OBJC_ROOT_CLASS = YES_ERROR;
				CLANG_WARN_QUOTED_INCLUDE_IN_FRAMEWORK_HEADER = YES;
				CLANG_WARN_RANGE_LOOP_ANALYSIS = YES;
				CLANG_WARN_STRICT_PROTOTYPES = YES;
				CLANG_WARN_SUSPICIOUS_MOVE = YES;
				CLANG_WARN_UNGUARDED_AVAILABILITY = YES_AGGRESSIVE;
				CLANG_WARN_UNREACHABLE_CODE = YES;
				CLANG_WARN__DUPLICATE_METHOD_MATCH = YES;
				COPY_PHASE_STRIP = NO;
				DEBUG_INFORMATION_FORMAT = "dwarf-with-dsym";
				ENABLE_NS_ASSERTIONS = NO;
				ENABLE_STRICT_OBJC_MSGSEND = YES;
				GCC_C_LANGUAGE_STANDARD = gnu11;
				GCC_NO_COMMON_BLOCKS = YES;
				GCC_WARN_64_TO_32_BIT_CONVERSION = YES;
				GCC_WARN_ABOUT_RETURN_TYPE = YES_ERROR;
				GCC_WARN_UNDECLARED_SELECTOR = YES;
				GCC_WARN_UNINITIALIZED_AUTOS = YES_AGGRESSIVE;
				GCC_WARN_UNUSED_FUNCTION = YES;
				GCC_WARN_UNUSED_VARIABLE = YES;
				IPHONEOS_DEPLOYMENT_TARGET = 15.2;
				MTL_ENABLE_DEBUG_INFO = NO;
				MTL_FAST_MATH = YES;
				SDKROOT = iphoneos;
				SWIFT_COMPILATION_MODE = wholemodule;
				SWIFT_OPTIMIZATION_LEVEL = "-O";
				VALIDATE_PRODUCT = YES;
			};
			name = Release;
		};
		6641B58A28A6D872007F953A /* Debug */ = {
			isa = XCBuildConfiguration;
			buildSettings = {
				ASSETCATALOG_COMPILER_APPICON_NAME = AppIcon;
				ASSETCATALOG_COMPILER_GLOBAL_ACCENT_COLOR_NAME = AccentColor;
				CODE_SIGN_STYLE = Automatic;
				CURRENT_PROJECT_VERSION = 1;
				GENERATE_INFOPLIST_FILE = YES;
				INFOPLIST_FILE = "Crypto Market/Info.plist";
				INFOPLIST_KEY_UIApplicationSupportsIndirectInputEvents = YES;
				INFOPLIST_KEY_UILaunchStoryboardName = LaunchScreen;
				INFOPLIST_KEY_UIMainStoryboardFile = Main;
				INFOPLIST_KEY_UISupportedInterfaceOrientations_iPad = "UIInterfaceOrientationPortrait UIInterfaceOrientationPortraitUpsideDown UIInterfaceOrientationLandscapeLeft UIInterfaceOrientationLandscapeRight";
				INFOPLIST_KEY_UISupportedInterfaceOrientations_iPhone = "UIInterfaceOrientationPortrait UIInterfaceOrientationLandscapeLeft UIInterfaceOrientationLandscapeRight";
				LD_RUNPATH_SEARCH_PATHS = (
					"$(inherited)",
					"@executable_path/Frameworks",
				);
				MARKETING_VERSION = 1.0;
				PRODUCT_BUNDLE_IDENTIFIER = "com.vishal.Crypto-Market";
				PRODUCT_NAME = "$(TARGET_NAME)";
				SWIFT_EMIT_LOC_STRINGS = YES;
				SWIFT_VERSION = 5.0;
				TARGETED_DEVICE_FAMILY = "1,2";
			};
			name = Debug;
		};
		6641B58B28A6D872007F953A /* Release */ = {
			isa = XCBuildConfiguration;
			buildSettings = {
				ASSETCATALOG_COMPILER_APPICON_NAME = AppIcon;
				ASSETCATALOG_COMPILER_GLOBAL_ACCENT_COLOR_NAME = AccentColor;
				CODE_SIGN_STYLE = Automatic;
				CURRENT_PROJECT_VERSION = 1;
				GENERATE_INFOPLIST_FILE = YES;
				INFOPLIST_FILE = "Crypto Market/Info.plist";
				INFOPLIST_KEY_UIApplicationSupportsIndirectInputEvents = YES;
				INFOPLIST_KEY_UILaunchStoryboardName = LaunchScreen;
				INFOPLIST_KEY_UIMainStoryboardFile = Main;
				INFOPLIST_KEY_UISupportedInterfaceOrientations_iPad = "UIInterfaceOrientationPortrait UIInterfaceOrientationPortraitUpsideDown UIInterfaceOrientationLandscapeLeft UIInterfaceOrientationLandscapeRight";
				INFOPLIST_KEY_UISupportedInterfaceOrientations_iPhone = "UIInterfaceOrientationPortrait UIInterfaceOrientationLandscapeLeft UIInterfaceOrientationLandscapeRight";
				LD_RUNPATH_SEARCH_PATHS = (
					"$(inherited)",
					"@executable_path/Frameworks",
				);
				MARKETING_VERSION = 1.0;
				PRODUCT_BUNDLE_IDENTIFIER = "com.vishal.Crypto-Market";
				PRODUCT_NAME = "$(TARGET_NAME)";
				SWIFT_EMIT_LOC_STRINGS = YES;
				SWIFT_VERSION = 5.0;
				TARGETED_DEVICE_FAMILY = "1,2";
			};
			name = Release;
		};
		6641B58D28A6D872007F953A /* Debug */ = {
			isa = XCBuildConfiguration;
			buildSettings = {
				ALWAYS_EMBED_SWIFT_STANDARD_LIBRARIES = YES;
				BUNDLE_LOADER = "$(TEST_HOST)";
				CODE_SIGN_STYLE = Automatic;
				CURRENT_PROJECT_VERSION = 1;
				GENERATE_INFOPLIST_FILE = YES;
				IPHONEOS_DEPLOYMENT_TARGET = 15.2;
				MARKETING_VERSION = 1.0;
				PRODUCT_BUNDLE_IDENTIFIER = "com.vishal.Crypto-MarketTests";
				PRODUCT_NAME = "$(TARGET_NAME)";
				SWIFT_EMIT_LOC_STRINGS = NO;
				SWIFT_VERSION = 5.0;
				TARGETED_DEVICE_FAMILY = "1,2";
				TEST_HOST = "$(BUILT_PRODUCTS_DIR)/Crypto Market.app/Crypto Market";
			};
			name = Debug;
		};
		6641B58E28A6D872007F953A /* Release */ = {
			isa = XCBuildConfiguration;
			buildSettings = {
				ALWAYS_EMBED_SWIFT_STANDARD_LIBRARIES = YES;
				BUNDLE_LOADER = "$(TEST_HOST)";
				CODE_SIGN_STYLE = Automatic;
				CURRENT_PROJECT_VERSION = 1;
				GENERATE_INFOPLIST_FILE = YES;
				IPHONEOS_DEPLOYMENT_TARGET = 15.2;
				MARKETING_VERSION = 1.0;
				PRODUCT_BUNDLE_IDENTIFIER = "com.vishal.Crypto-MarketTests";
				PRODUCT_NAME = "$(TARGET_NAME)";
				SWIFT_EMIT_LOC_STRINGS = NO;
				SWIFT_VERSION = 5.0;
				TARGETED_DEVICE_FAMILY = "1,2";
				TEST_HOST = "$(BUILT_PRODUCTS_DIR)/Crypto Market.app/Crypto Market";
			};
			name = Release;
		};
		6641B59028A6D872007F953A /* Debug */ = {
			isa = XCBuildConfiguration;
			buildSettings = {
				ALWAYS_EMBED_SWIFT_STANDARD_LIBRARIES = YES;
				CODE_SIGN_STYLE = Automatic;
				CURRENT_PROJECT_VERSION = 1;
				GENERATE_INFOPLIST_FILE = YES;
				MARKETING_VERSION = 1.0;
				PRODUCT_BUNDLE_IDENTIFIER = "com.vishal.Crypto-MarketUITests";
				PRODUCT_NAME = "$(TARGET_NAME)";
				SWIFT_EMIT_LOC_STRINGS = NO;
				SWIFT_VERSION = 5.0;
				TARGETED_DEVICE_FAMILY = "1,2";
				TEST_TARGET_NAME = "Crypto Market";
			};
			name = Debug;
		};
		6641B59128A6D872007F953A /* Release */ = {
			isa = XCBuildConfiguration;
			buildSettings = {
				ALWAYS_EMBED_SWIFT_STANDARD_LIBRARIES = YES;
				CODE_SIGN_STYLE = Automatic;
				CURRENT_PROJECT_VERSION = 1;
				GENERATE_INFOPLIST_FILE = YES;
				MARKETING_VERSION = 1.0;
				PRODUCT_BUNDLE_IDENTIFIER = "com.vishal.Crypto-MarketUITests";
				PRODUCT_NAME = "$(TARGET_NAME)";
				SWIFT_EMIT_LOC_STRINGS = NO;
				SWIFT_VERSION = 5.0;
				TARGETED_DEVICE_FAMILY = "1,2";
				TEST_TARGET_NAME = "Crypto Market";
			};
			name = Release;
		};
/* End XCBuildConfiguration section */

/* Begin XCConfigurationList section */
		6641B55A28A6D86F007F953A /* Build configuration list for PBXProject "Crypto Market" */ = {
			isa = XCConfigurationList;
			buildConfigurations = (
				6641B58728A6D872007F953A /* Debug */,
				6641B58828A6D872007F953A /* Release */,
			);
			defaultConfigurationIsVisible = 0;
			defaultConfigurationName = Release;
		};
		6641B58928A6D872007F953A /* Build configuration list for PBXNativeTarget "Crypto Market" */ = {
			isa = XCConfigurationList;
			buildConfigurations = (
				6641B58A28A6D872007F953A /* Debug */,
				6641B58B28A6D872007F953A /* Release */,
			);
			defaultConfigurationIsVisible = 0;
			defaultConfigurationName = Release;
		};
		6641B58C28A6D872007F953A /* Build configuration list for PBXNativeTarget "Crypto MarketTests" */ = {
			isa = XCConfigurationList;
			buildConfigurations = (
				6641B58D28A6D872007F953A /* Debug */,
				6641B58E28A6D872007F953A /* Release */,
			);
			defaultConfigurationIsVisible = 0;
			defaultConfigurationName = Release;
		};
		6641B58F28A6D872007F953A /* Build configuration list for PBXNativeTarget "Crypto MarketUITests" */ = {
			isa = XCConfigurationList;
			buildConfigurations = (
				6641B59028A6D872007F953A /* Debug */,
				6641B59128A6D872007F953A /* Release */,
			);
			defaultConfigurationIsVisible = 0;
			defaultConfigurationName = Release;
		};
/* End XCConfigurationList section */
	};
	rootObject = 6641B55728A6D86F007F953A /* Project object */;
}
